
Microsoft Visual Studio Solution File, Format Version 12.00
# Visual Studio 2013
VisualStudioVersion = 12.0.31101.0
MinimumVisualStudioVersion = 10.0.40219.1
Project("{FAE04EC0-301F-11D3-BF4B-00C04F79EFBC}") = "Svivonim", "Svivonim\Svivonim.csproj", "{32FB968F-26AC-425A-A24C-3DE8A436FA00}"
EndProject
Project("{FAE04EC0-301F-11D3-BF4B-00C04F79EFBC}") = "Infrastructure", "..\Infrastructure\Infrastructure.csproj", "{BA2FC29B-8640-463C-B7C0-1D1AED9C67BF}"
EndProject
Global
	GlobalSection(SolutionConfigurationPlatforms) = preSolution
		Debug|x86 = Debug|x86
		Release|x86 = Release|x86
	EndGlobalSection
	GlobalSection(ProjectConfigurationPlatforms) = postSolution
		{32FB968F-26AC-425A-A24C-3DE8A436FA00}.Debug|x86.ActiveCfg = Debug|x86
		{32FB968F-26AC-425A-A24C-3DE8A436FA00}.Debug|x86.Build.0 = Debug|x86
		{32FB968F-26AC-425A-A24C-3DE8A436FA00}.Release|x86.ActiveCfg = Release|x86
		{32FB968F-26AC-425A-A24C-3DE8A436FA00}.Release|x86.Build.0 = Release|x86
		{BA2FC29B-8640-463C-B7C0-1D1AED9C67BF}.Debug|x86.ActiveCfg = Debug|x86
		{BA2FC29B-8640-463C-B7C0-1D1AED9C67BF}.Debug|x86.Build.0 = Debug|x86
		{BA2FC29B-8640-463C-B7C0-1D1AED9C67BF}.Release|x86.ActiveCfg = Release|x86
		{BA2FC29B-8640-463C-B7C0-1D1AED9C67BF}.Release|x86.Build.0 = Release|x86
	EndGlobalSection
	GlobalSection(SolutionProperties) = preSolution
		HideSolutionNode = FALSE
	EndGlobalSection
EndGlobal
